{
  "originHash" : "fd599ade8f6c9151819e7c90bd1e04acb1f9abc517a925e1754f3e4773024c32",
  "pins" : [
    {
      "identity" : "lookinserver",
      "kind" : "remoteSourceControl",
      "location" : "https://github.com/QMUI/LookinServer",
      "state" : {
        "revision" : "e553d1b689d147817dc54ad5c28fcff71e860101",
        "version" : "1.2.8"
      }
    },
    {
      "identity" : "lucide-icons-swift",
      "kind" : "remoteSourceControl",
      "location" : "https://github.com/JakubMazur/lucide-icons-swift",
      "state" : {
        "revision" : "cb4887a090a4ee4244e411ebbe5bef81e67d449d",
        "version" : "0.546.0"
      }
    }
  ],
  "version" : 3
}
