// !$*UTF8*$!
{
	archiveVersion = 1;
	classes = {
	};
	objectVersion = 77;
	objects = {

/* Begin PBXBuildFile section */
		9AF624542E640AC800910418 /* LucideIcons in Frameworks */ = {isa = PBXBuildFile; productRef = 9AF624532E640AC800910418 /* LucideIcons */; };
/* End PBXBuildFile section */

/* Begin PBXContainerItemProxy section */
		9AF6242F2E64057D00910418 /* PBXContainerItemProxy */ = {
			isa = PBXContainerItemProxy;
			containerPortal = 9AF624152E64057C00910418 /* Project object */;
			proxyType = 1;
			remoteGlobalIDString = 9AF6241C2E64057C00910418;
			remoteInfo = ThoughtStream;
		};
		9AF624392E64057E00910418 /* PBXContainerItemProxy */ = {
			isa = PBXContainerItemProxy;
			containerPortal = 9AF624152E64057C00910418 /* Project object */;
			proxyType = 1;
			remoteGlobalIDString = 9AF6241C2E64057C00910418;
			remoteInfo = ThoughtStream;
		};
/* End PBXContainerItemProxy section */

/* Begin PBXFileReference section */
		9AF6241D2E64057C00910418 /* ThoughtStream.app */ = {isa = PBXFileReference; explicitFileType = wrapper.application; includeInIndex = 0; path = ThoughtStream.app; sourceTree = BUILT_PRODUCTS_DIR; };
		9AF6242E2E64057D00910418 /* ThoughtStreamTests.xctest */ = {isa = PBXFileReference; explicitFileType = wrapper.cfbundle; includeInIndex = 0; path = ThoughtStreamTests.xctest; sourceTree = BUILT_PRODUCTS_DIR; };
		9AF624382E64057E00910418 /* ThoughtStreamUITests.xctest */ = {isa = PBXFileReference; explicitFileType = wrapper.cfbundle; includeInIndex = 0; path = ThoughtStreamUITests.xctest; sourceTree = BUILT_PRODUCTS_DIR; };
/* End PBXFileReference section */

/* Begin PBXFileSystemSynchronizedBuildFileExceptionSet section */
		9AF624402E64057E00910418 /* Exceptions for "ThoughtStream" folder in "ThoughtStream" target */ = {
			isa = PBXFileSystemSynchronizedBuildFileExceptionSet;
			membershipExceptions = (
				Info.plist,
			);
			target = 9AF6241C2E64057C00910418 /* ThoughtStream */;
		};
/* End PBXFileSystemSynchronizedBuildFileExceptionSet section */

/* Begin PBXFileSystemSynchronizedRootGroup section */
		9AF6241F2E64057C00910418 /* ThoughtStream */ = {
			isa = PBXFileSystemSynchronizedRootGroup;
			exceptions = (
				9AF624402E64057E00910418 /* Exceptions for "ThoughtStream" folder in "ThoughtStream" target */,
			);
			path = ThoughtStream;
			sourceTree = "<group>";
		};
		9AF624312E64057D00910418 /* ThoughtStreamTests */ = {
			isa = PBXFileSystemSynchronizedRootGroup;
			path = ThoughtStreamTests;
			sourceTree = "<group>";
		};
		9AF6243B2E64057E00910418 /* ThoughtStreamUITests */ = {
			isa = PBXFileSystemSynchronizedRootGroup;
			path = ThoughtStreamUITests;
			sourceTree = "<group>";
		};
/* End PBXFileSystemSynchronizedRootGroup section */

/* Begin PBXFrameworksBuildPhase section */
		9AF6241A2E64057C00910418 /* Frameworks */ = {
			isa = PBXFrameworksBuildPhase;
			buildActionMask = 2147483647;
			files = (
				9AF624542E640AC800910418 /* LucideIcons in Frameworks */,
			);
			runOnlyForDeploymentPostprocessing = 0;
		};
		9AF6242B2E64057D00910418 /* Frameworks */ = {
			isa = PBXFrameworksBuildPhase;
			buildActionMask = 2147483647;
			files = (
			);
			runOnlyForDeploymentPostprocessing = 0;
		};
		9AF624352E64057E00910418 /* Frameworks */ = {
			isa = PBXFrameworksBuildPhase;
			buildActionMask = 2147483647;
			files = (
			);
			runOnlyForDeploymentPostprocessing = 0;
		};
/* End PBXFrameworksBuildPhase section */

/* Begin PBXGroup section */
		9AF624142E64057C00910418 = {
			isa = PBXGroup;
			children = (
				9AF6241F2E64057C00910418 /* ThoughtStream */,
				9AF624312E64057D00910418 /* ThoughtStreamTests */,
				9AF6243B2E64057E00910418 /* ThoughtStreamUITests */,
				9AF6241E2E64057C00910418 /* Products */,
			);
			sourceTree = "<group>";
		};
		9AF6241E2E64057C00910418 /* Products */ = {
			isa = PBXGroup;
			children = (
				9AF6241D2E64057C00910418 /* ThoughtStream.app */,
				9AF6242E2E64057D00910418 /* ThoughtStreamTests.xctest */,
				9AF624382E64057E00910418 /* ThoughtStreamUITests.xctest */,
			);
			name = Products;
			sourceTree = "<group>";
		};
/* End PBXGroup section */

/* Begin PBXNativeTarget section */
		9AF6241C2E64057C00910418 /* ThoughtStream */ = {
			isa = PBXNativeTarget;
			buildConfigurationList = 9AF624412E64057E00910418 /* Build configuration list for PBXNativeTarget "ThoughtStream" */;
			buildPhases = (
				9AF624192E64057C00910418 /* Sources */,
				9AF6241A2E64057C00910418 /* Frameworks */,
				9AF6241B2E64057C00910418 /* Resources */,
			);
			buildRules = (
			);
			dependencies = (
			);
			fileSystemSynchronizedGroups = (
				9AF6241F2E64057C00910418 /* ThoughtStream */,
			);
			name = ThoughtStream;
			packageProductDependencies = (
				9AF624532E640AC800910418 /* LucideIcons */,
			);
			productName = ThoughtStream;
			productReference = 9AF6241D2E64057C00910418 /* ThoughtStream.app */;
			productType = "com.apple.product-type.application";
		};
		9AF6242D2E64057D00910418 /* ThoughtStreamTests */ = {
			isa = PBXNativeTarget;
			buildConfigurationList = 9AF624462E64057E00910418 /* Build configuration list for PBXNativeTarget "ThoughtStreamTests" */;
			buildPhases = (
				9AF6242A2E64057D00910418 /* Sources */,
				9AF6242B2E64057D00910418 /* Frameworks */,
				9AF6242C2E64057D00910418 /* Resources */,
			);
			buildRules = (
			);
			dependencies = (
				9AF624302E64057D00910418 /* PBXTargetDependency */,
			);
			fileSystemSynchronizedGroups = (
				9AF624312E64057D00910418 /* ThoughtStreamTests */,
			);
			name = ThoughtStreamTests;
			packageProductDependencies = (
			);
			productName = ThoughtStreamTests;
			productReference = 9AF6242E2E64057D00910418 /* ThoughtStreamTests.xctest */;
			productType = "com.apple.product-type.bundle.unit-test";
		};
		9AF624372E64057E00910418 /* ThoughtStreamUITests */ = {
			isa = PBXNativeTarget;
			buildConfigurationList = 9AF624492E64057E00910418 /* Build configuration list for PBXNativeTarget "ThoughtStreamUITests" */;
			buildPhases = (
				9AF624342E64057E00910418 /* Sources */,
				9AF624352E64057E00910418 /* Frameworks */,
				9AF624362E64057E00910418 /* Resources */,
			);
			buildRules = (
			);
			dependencies = (
				9AF6243A2E64057E00910418 /* PBXTargetDependency */,
			);
			fileSystemSynchronizedGroups = (
				9AF6243B2E64057E00910418 /* ThoughtStreamUITests */,
			);
			name = ThoughtStreamUITests;
			packageProductDependencies = (
			);
			productName = ThoughtStreamUITests;
			productReference = 9AF624382E64057E00910418 /* ThoughtStreamUITests.xctest */;
			productType = "com.apple.product-type.bundle.ui-testing";
		};
/* End PBXNativeTarget section */

/* Begin PBXProject section */
		9AF624152E64057C00910418 /* Project object */ = {
			isa = PBXProject;
			attributes = {
				BuildIndependentTargetsInParallel = 1;
				LastSwiftUpdateCheck = 1640;
				LastUpgradeCheck = 1640;
				TargetAttributes = {
					9AF6241C2E64057C00910418 = {
						CreatedOnToolsVersion = 16.4;
					};
					9AF6242D2E64057D00910418 = {
						CreatedOnToolsVersion = 16.4;
						TestTargetID = 9AF6241C2E64057C00910418;
					};
					9AF624372E64057E00910418 = {
						CreatedOnToolsVersion = 16.4;
						TestTargetID = 9AF6241C2E64057C00910418;
					};
				};
			};
			buildConfigurationList = 9AF624182E64057C00910418 /* Build configuration list for PBXProject "ThoughtStream" */;
			developmentRegion = en;
			hasScannedForEncodings = 0;
			knownRegions = (
				en,
				Base,
			);
			mainGroup = 9AF624142E64057C00910418;
			minimizedProjectReferenceProxies = 1;
			packageReferences = (
				9AF624522E640AC700910418 /* XCRemoteSwiftPackageReference "lucide-icons-swift" */,
			);
			preferredProjectObjectVersion = 77;
			productRefGroup = 9AF6241E2E64057C00910418 /* Products */;
			projectDirPath = "";
			projectRoot = "";
			targets = (
				9AF6241C2E64057C00910418 /* ThoughtStream */,
				9AF6242D2E64057D00910418 /* ThoughtStreamTests */,
				9AF624372E64057E00910418 /* ThoughtStreamUITests */,
			);
		};
/* End PBXProject section */

/* Begin PBXResourcesBuildPhase section */
		9AF6241B2E64057C00910418 /* Resources */ = {
			isa = PBXResourcesBuildPhase;
			buildActionMask = 2147483647;
			files = (
			);
			runOnlyForDeploymentPostprocessing = 0;
		};
		9AF6242C2E64057D00910418 /* Resources */ = {
			isa = PBXResourcesBuildPhase;
			buildActionMask = 2147483647;
			files = (
			);
			runOnlyForDeploymentPostprocessing = 0;
		};
		9AF624362E64057E00910418 /* Resources */ = {
			isa = PBXResourcesBuildPhase;
			buildActionMask = 2147483647;
			files = (
			);
			runOnlyForDeploymentPostprocessing = 0;
		};
/* End PBXResourcesBuildPhase section */

/* Begin PBXSourcesBuildPhase section */
		9AF624192E64057C00910418 /* Sources */ = {
			isa = PBXSourcesBuildPhase;
			buildActionMask = 2147483647;
			files = (
			);
			runOnlyForDeploymentPostprocessing = 0;
		};
		9AF6242A2E64057D00910418 /* Sources */ = {
			isa = PBXSourcesBuildPhase;
			buildActionMask = 2147483647;
			files = (
			);
			runOnlyForDeploymentPostprocessing = 0;
		};
		9AF624342E64057E00910418 /* Sources */ = {
			isa = PBXSourcesBuildPhase;
			buildActionMask = 2147483647;
			files = (
			);
			runOnlyForDeploymentPostprocessing = 0;
		};
/* End PBXSourcesBuildPhase section */

/* Begin PBXTargetDependency section */
		9AF624302E64057D00910418 /* PBXTargetDependency */ = {
			isa = PBXTargetDependency;
			target = 9AF6241C2E64057C00910418 /* ThoughtStream */;
			targetProxy = 9AF6242F2E64057D00910418 /* PBXContainerItemProxy */;
		};
		9AF6243A2E64057E00910418 /* PBXTargetDependency */ = {
			isa = PBXTargetDependency;
			target = 9AF6241C2E64057C00910418 /* ThoughtStream */;
			targetProxy = 9AF624392E64057E00910418 /* PBXContainerItemProxy */;
		};
/* End PBXTargetDependency section */

/* Begin XCBuildConfiguration section */
		9AF624422E64057E00910418 /* Debug */ = {
			isa = XCBuildConfiguration;
			buildSettings = {
				ASSETCATALOG_COMPILER_APPICON_NAME = AppIcon;
				ASSETCATALOG_COMPILER_GLOBAL_ACCENT_COLOR_NAME = AccentColor;
				CODE_SIGN_ENTITLEMENTS = ThoughtStream/ThoughtStream.entitlements;
				CODE_SIGN_STYLE = Automatic;
				CURRENT_PROJECT_VERSION = 1;
				DEVELOPMENT_TEAM = 9S5T6JND7N;
				ENABLE_PREVIEWS = YES;
				GENERATE_INFOPLIST_FILE = YES;
				INFOPLIST_FILE = ThoughtStream/Info.plist;
				INFOPLIST_KEY_UIApplicationSceneManifest_Generation = YES;
				INFOPLIST_KEY_UIApplicationSupportsIndirectInputEvents = YES;
				INFOPLIST_KEY_UILaunchScreen_Generation = YES;
				INFOPLIST_KEY_UISupportedInterfaceOrientations_iPad = "UIInterfaceOrientationPortrait UIInterfaceOrientationPortraitUpsideDown UIInterfaceOrientationLandscapeLeft UIInterfaceOrientationLandscapeRight";
				INFOPLIST_KEY_UISupportedInterfaceOrientations_iPhone = "UIInterfaceOrientationPortrait UIInterfaceOrientationLandscapeLeft UIInterfaceOrientationLandscapeRight";
				LD_RUNPATH_SEARCH_PATHS = (
					"$(inherited)",
					"@executable_path/Frameworks",
				);
				MARKETING_VERSION = 1.0;
				PRODUCT_BUNDLE_IDENTIFIER = cc.ihugo.practice.ThoughtStream;
				PRODUCT_NAME = "$(TARGET_NAME)";
				SWIFT_EMIT_LOC_STRINGS = YES;
				SWIFT_VERSION = 5.0;
				TARGETED_DEVICE_FAMILY = "1,2";
			};
			name = Debug;
		};
		9AF624432E64057E00910418 /* Release */ = {
			isa = XCBuildConfiguration;
			buildSettings = {
				ASSETCATALOG_COMPILER_APPICON_NAME = AppIcon;
				ASSETCATALOG_COMPILER_GLOBAL_ACCENT_COLOR_NAME = AccentColor;
				CODE_SIGN_ENTITLEMENTS = ThoughtStream/ThoughtStream.entitlements;
				CODE_SIGN_STYLE = Automatic;
				CURRENT_PROJECT_VERSION = 1;
				DEVELOPMENT_TEAM = 9S5T6JND7N;
				ENABLE_PREVIEWS = YES;
				GENERATE_INFOPLIST_FILE = YES;
				INFOPLIST_FILE = ThoughtStream/Info.plist;
				INFOPLIST_KEY_UIApplicationSceneManifest_Generation = YES;
				INFOPLIST_KEY_UIApplicationSupportsIndirectInputEvents = YES;
				INFOPLIST_KEY_UILaunchScreen_Generation = YES;
				INFOPLIST_KEY_UISupportedInterfaceOrientations_iPad = "UIInterfaceOrientationPortrait UIInterfaceOrientationPortraitUpsideDown UIInterfaceOrientationLandscapeLeft UIInterfaceOrientationLandscapeRight";
				INFOPLIST_KEY_UISupportedInterfaceOrientations_iPhone = "UIInterfaceOrientationPortrait UIInterfaceOrientationLandscapeLeft UIInterfaceOrientationLandscapeRight";
				LD_RUNPATH_SEARCH_PATHS = (
					"$(inherited)",
					"@executable_path/Frameworks",
				);
				MARKETING_VERSION = 1.0;
				PRODUCT_BUNDLE_IDENTIFIER = cc.ihugo.practice.ThoughtStream;
				PRODUCT_NAME = "$(TARGET_NAME)";
				SWIFT_EMIT_LOC_STRINGS = YES;
				SWIFT_VERSION = 5.0;
				TARGETED_DEVICE_FAMILY = "1,2";
			};
			name = Release;
		};
		9AF624442E64057E00910418 /* Debug */ = {
			isa = XCBuildConfiguration;
			buildSettings = {
				ALWAYS_SEARCH_USER_PATHS = NO;
				ASSETCATALOG_COMPILER_GENERATE_SWIFT_ASSET_SYMBOL_EXTENSIONS = YES;
				CLANG_ANALYZER_NONNULL = YES;
				CLANG_ANALYZER_NUMBER_OBJECT_CONVERSION = YES_AGGRESSIVE;
				CLANG_CXX_LANGUAGE_STANDARD = "gnu++20";
				CLANG_ENABLE_MODULES = YES;
				CLANG_ENABLE_OBJC_ARC = YES;
				CLANG_ENABLE_OBJC_WEAK = YES;
				CLANG_WARN_BLOCK_CAPTURE_AUTORELEASING = YES;
				CLANG_WARN_BOOL_CONVERSION = YES;
				CLANG_WARN_COMMA = YES;
				CLANG_WARN_CONSTANT_CONVERSION = YES;
				CLANG_WARN_DEPRECATED_OBJC_IMPLEMENTATIONS = YES;
				CLANG_WARN_DIRECT_OBJC_ISA_USAGE = YES_ERROR;
				CLANG_WARN_DOCUMENTATION_COMMENTS = YES;
				CLANG_WARN_EMPTY_BODY = YES;
				CLANG_WARN_ENUM_CONVERSION = YES;
				CLANG_WARN_INFINITE_RECURSION = YES;
				CLANG_WARN_INT_CONVERSION = YES;
				CLANG_WARN_NON_LITERAL_NULL_CONVERSION = YES;
				CLANG_WARN_OBJC_IMPLICIT_RETAIN_SELF = YES;
				CLANG_WARN_OBJC_LITERAL_CONVERSION = YES;
				CLANG_WARN_OBJC_ROOT_CLASS = YES_ERROR;
				CLANG_WARN_QUOTED_INCLUDE_IN_FRAMEWORK_HEADER = YES;
				CLANG_WARN_RANGE_LOOP_ANALYSIS = YES;
				CLANG_WARN_STRICT_PROTOTYPES = YES;
				CLANG_WARN_SUSPICIOUS_MOVE = YES;
				CLANG_WARN_UNGUARDED_AVAILABILITY = YES_AGGRESSIVE;
				CLANG_WARN_UNREACHABLE_CODE = YES;
				CLANG_WARN__DUPLICATE_METHOD_MATCH = YES;
				COPY_PHASE_STRIP = NO;
				DEBUG_INFORMATION_FORMAT = dwarf;
				DEVELOPMENT_TEAM = VFG3J694XC;
				ENABLE_STRICT_OBJC_MSGSEND = YES;
				ENABLE_TESTABILITY = YES;
				ENABLE_USER_SCRIPT_SANDBOXING = YES;
				GCC_C_LANGUAGE_STANDARD = gnu17;
				GCC_DYNAMIC_NO_PIC = NO;
				GCC_NO_COMMON_BLOCKS = YES;
				GCC_OPTIMIZATION_LEVEL = 0;
				GCC_PREPROCESSOR_DEFINITIONS = (
					"DEBUG=1",
					"$(inherited)",
				);
				GCC_WARN_64_TO_32_BIT_CONVERSION = YES;
				GCC_WARN_ABOUT_RETURN_TYPE = YES_ERROR;
				GCC_WARN_UNDECLARED_SELECTOR = YES;
				GCC_WARN_UNINITIALIZED_AUTOS = YES_AGGRESSIVE;
				GCC_WARN_UNUSED_FUNCTION = YES;
				GCC_WARN_UNUSED_VARIABLE = YES;
				IPHONEOS_DEPLOYMENT_TARGET = 18.5;
				LOCALIZATION_PREFERS_STRING_CATALOGS = YES;
				MTL_ENABLE_DEBUG_INFO = INCLUDE_SOURCE;
				MTL_FAST_MATH = YES;
				ONLY_ACTIVE_ARCH = YES;
				SDKROOT = iphoneos;
				SWIFT_ACTIVE_COMPILATION_CONDITIONS = "DEBUG $(inherited)";
				SWIFT_OPTIMIZATION_LEVEL = "-Onone";
			};
			name = Debug;
		};
		9AF624452E64057E00910418 /* Release */ = {
			isa = XCBuildConfiguration;
			buildSettings = {
				ALWAYS_SEARCH_USER_PATHS = NO;
				ASSETCATALOG_COMPILER_GENERATE_SWIFT_ASSET_SYMBOL_EXTENSIONS = YES;
				CLANG_ANALYZER_NONNULL = YES;
				CLANG_ANALYZER_NUMBER_OBJECT_CONVERSION = YES_AGGRESSIVE;
				CLANG_CXX_LANGUAGE_STANDARD = "gnu++20";
				CLANG_ENABLE_MODULES = YES;
				CLANG_ENABLE_OBJC_ARC = YES;
				CLANG_ENABLE_OBJC_WEAK = YES;
				CLANG_WARN_BLOCK_CAPTURE_AUTORELEASING = YES;
				CLANG_WARN_BOOL_CONVERSION = YES;
				CLANG_WARN_COMMA = YES;
				CLANG_WARN_CONSTANT_CONVERSION = YES;
				CLANG_WARN_DEPRECATED_OBJC_IMPLEMENTATIONS = YES;
				CLANG_WARN_DIRECT_OBJC_ISA_USAGE = YES_ERROR;
				CLANG_WARN_DOCUMENTATION_COMMENTS = YES;
				CLANG_WARN_EMPTY_BODY = YES;
				CLANG_WARN_ENUM_CONVERSION = YES;
				CLANG_WARN_INFINITE_RECURSION = YES;
				CLANG_WARN_INT_CONVERSION = YES;
				CLANG_WARN_NON_LITERAL_NULL_CONVERSION = YES;
				CLANG_WARN_OBJC_IMPLICIT_RETAIN_SELF = YES;
				CLANG_WARN_OBJC_LITERAL_CONVERSION = YES;
				CLANG_WARN_OBJC_ROOT_CLASS = YES_ERROR;
				CLANG_WARN_QUOTED_INCLUDE_IN_FRAMEWORK_HEADER = YES;
				CLANG_WARN_RANGE_LOOP_ANALYSIS = YES;
				CLANG_WARN_STRICT_PROTOTYPES = YES;
				CLANG_WARN_SUSPICIOUS_MOVE = YES;
				CLANG_WARN_UNGUARDED_AVAILABILITY = YES_AGGRESSIVE;
				CLANG_WARN_UNREACHABLE_CODE = YES;
				CLANG_WARN__DUPLICATE_METHOD_MATCH = YES;
				COPY_PHASE_STRIP = NO;
				DEBUG_INFORMATION_FORMAT = "dwarf-with-dsym";
				DEVELOPMENT_TEAM = VFG3J694XC;
				ENABLE_NS_ASSERTIONS = NO;
				ENABLE_STRICT_OBJC_MSGSEND = YES;
				ENABLE_USER_SCRIPT_SANDBOXING = YES;
				GCC_C_LANGUAGE_STANDARD = gnu17;
				GCC_NO_COMMON_BLOCKS = YES;
				GCC_WARN_64_TO_32_BIT_CONVERSION = YES;
				GCC_WARN_ABOUT_RETURN_TYPE = YES_ERROR;
				GCC_WARN_UNDECLARED_SELECTOR = YES;
				GCC_WARN_UNINITIALIZED_AUTOS = YES_AGGRESSIVE;
				GCC_WARN_UNUSED_FUNCTION = YES;
				GCC_WARN_UNUSED_VARIABLE = YES;
				IPHONEOS_DEPLOYMENT_TARGET = 18.5;
				LOCALIZATION_PREFERS_STRING_CATALOGS = YES;
				MTL_ENABLE_DEBUG_INFO = NO;
				MTL_FAST_MATH = YES;
				SDKROOT = iphoneos;
				SWIFT_COMPILATION_MODE = wholemodule;
				VALIDATE_PRODUCT = YES;
			};
			name = Release;
		};
		9AF624472E64057E00910418 /* Debug */ = {
			isa = XCBuildConfiguration;
			buildSettings = {
				BUNDLE_LOADER = "$(TEST_HOST)";
				CODE_SIGN_STYLE = Automatic;
				CURRENT_PROJECT_VERSION = 1;
				DEVELOPMENT_TEAM = VFG3J694XC;
				GENERATE_INFOPLIST_FILE = YES;
				IPHONEOS_DEPLOYMENT_TARGET = 18.5;
				MARKETING_VERSION = 1.0;
				PRODUCT_BUNDLE_IDENTIFIER = cc.ihugo.practice.ThoughtStreamTests;
				PRODUCT_NAME = "$(TARGET_NAME)";
				SWIFT_EMIT_LOC_STRINGS = NO;
				SWIFT_VERSION = 5.0;
				TARGETED_DEVICE_FAMILY = "1,2";
				TEST_HOST = "$(BUILT_PRODUCTS_DIR)/ThoughtStream.app/$(BUNDLE_EXECUTABLE_FOLDER_PATH)/ThoughtStream";
			};
			name = Debug;
		};
		9AF624482E64057E00910418 /* Release */ = {
			isa = XCBuildConfiguration;
			buildSettings = {
				BUNDLE_LOADER = "$(TEST_HOST)";
				CODE_SIGN_STYLE = Automatic;
				CURRENT_PROJECT_VERSION = 1;
				DEVELOPMENT_TEAM = VFG3J694XC;
				GENERATE_INFOPLIST_FILE = YES;
				IPHONEOS_DEPLOYMENT_TARGET = 18.5;
				MARKETING_VERSION = 1.0;
				PRODUCT_BUNDLE_IDENTIFIER = cc.ihugo.practice.ThoughtStreamTests;
				PRODUCT_NAME = "$(TARGET_NAME)";
				SWIFT_EMIT_LOC_STRINGS = NO;
				SWIFT_VERSION = 5.0;
				TARGETED_DEVICE_FAMILY = "1,2";
				TEST_HOST = "$(BUILT_PRODUCTS_DIR)/ThoughtStream.app/$(BUNDLE_EXECUTABLE_FOLDER_PATH)/ThoughtStream";
			};
			name = Release;
		};
		9AF6244A2E64057E00910418 /* Debug */ = {
			isa = XCBuildConfiguration;
			buildSettings = {
				CODE_SIGN_STYLE = Automatic;
				CURRENT_PROJECT_VERSION = 1;
				DEVELOPMENT_TEAM = VFG3J694XC;
				GENERATE_INFOPLIST_FILE = YES;
				MARKETING_VERSION = 1.0;
				PRODUCT_BUNDLE_IDENTIFIER = cc.ihugo.practice.ThoughtStreamUITests;
				PRODUCT_NAME = "$(TARGET_NAME)";
				SWIFT_EMIT_LOC_STRINGS = NO;
				SWIFT_VERSION = 5.0;
				TARGETED_DEVICE_FAMILY = "1,2";
				TEST_TARGET_NAME = ThoughtStream;
			};
			name = Debug;
		};
		9AF6244B2E64057E00910418 /* Release */ = {
			isa = XCBuildConfiguration;
			buildSettings = {
				CODE_SIGN_STYLE = Automatic;
				CURRENT_PROJECT_VERSION = 1;
				DEVELOPMENT_TEAM = VFG3J694XC;
				GENERATE_INFOPLIST_FILE = YES;
				MARKETING_VERSION = 1.0;
				PRODUCT_BUNDLE_IDENTIFIER = cc.ihugo.practice.ThoughtStreamUITests;
				PRODUCT_NAME = "$(TARGET_NAME)";
				SWIFT_EMIT_LOC_STRINGS = NO;
				SWIFT_VERSION = 5.0;
				TARGETED_DEVICE_FAMILY = "1,2";
				TEST_TARGET_NAME = ThoughtStream;
			};
			name = Release;
		};
/* End XCBuildConfiguration section */

/* Begin XCConfigurationList section */
		9AF624182E64057C00910418 /* Build configuration list for PBXProject "ThoughtStream" */ = {
			isa = XCConfigurationList;
			buildConfigurations = (
				9AF624442E64057E00910418 /* Debug */,
				9AF624452E64057E00910418 /* Release */,
			);
			defaultConfigurationIsVisible = 0;
			defaultConfigurationName = Release;
		};
		9AF624412E64057E00910418 /* Build configuration list for PBXNativeTarget "ThoughtStream" */ = {
			isa = XCConfigurationList;
			buildConfigurations = (
				9AF624422E64057E00910418 /* Debug */,
				9AF624432E64057E00910418 /* Release */,
			);
			defaultConfigurationIsVisible = 0;
			defaultConfigurationName = Release;
		};
		9AF624462E64057E00910418 /* Build configuration list for PBXNativeTarget "ThoughtStreamTests" */ = {
			isa = XCConfigurationList;
			buildConfigurations = (
				9AF624472E64057E00910418 /* Debug */,
				9AF624482E64057E00910418 /* Release */,
			);
			defaultConfigurationIsVisible = 0;
			defaultConfigurationName = Release;
		};
		9AF624492E64057E00910418 /* Build configuration list for PBXNativeTarget "ThoughtStreamUITests" */ = {
			isa = XCConfigurationList;
			buildConfigurations = (
				9AF6244A2E64057E00910418 /* Debug */,
				9AF6244B2E64057E00910418 /* Release */,
			);
			defaultConfigurationIsVisible = 0;
			defaultConfigurationName = Release;
		};
/* End XCConfigurationList section */

/* Begin XCRemoteSwiftPackageReference section */
		9AF624522E640AC700910418 /* XCRemoteSwiftPackageReference "lucide-icons-swift" */ = {
			isa = XCRemoteSwiftPackageReference;
			repositoryURL = "https://github.com/JakubMazur/lucide-icons-swift";
			requirement = {
				kind = upToNextMajorVersion;
				minimumVersion = 0.542.0;
			};
		};
/* End XCRemoteSwiftPackageReference section */

/* Begin XCSwiftPackageProductDependency section */
		9AF624532E640AC800910418 /* LucideIcons */ = {
			isa = XCSwiftPackageProductDependency;
			package = 9AF624522E640AC700910418 /* XCRemoteSwiftPackageReference "lucide-icons-swift" */;
			productName = LucideIcons;
		};
/* End XCSwiftPackageProductDependency section */
	};
	rootObject = 9AF624152E64057C00910418 /* Project object */;
}
