{
  "originHash" : "3886c302203b5f6b0618d7ecdc8afc0d32201d0adaa6ce8e5f9f531f87e8511f",
  "pins" : [
    {
      "identity" : "lucide-icons-swift",
      "kind" : "remoteSourceControl",
      "location" : "https://github.com/JakubMazur/lucide-icons-swift",
      "state" : {
        "revision" : "209e6d8e3514bd0967e3a38f253a7950afd6ebe5",
        "version" : "0.542.0"
      }
    }
  ],
  "version" : 3
}
